// !$*UTF8*$!
{
	archiveVersion = 1;
	classes = {
	};
	objectVersion = 48;
	objects = {

/* Begin PBXBuildFile section */
		E901612820D158F2005AA9BD /* GoldenGoal.xcdatamodeld in Sources */ = {isa = PBXBuildFile; fileRef = E901612620D158F2005AA9BD /* GoldenGoal.xcdatamodeld */; };
		E91B8D8020DED0F100649852 /* categoryCell.swift in Sources */ = {isa = PBXBuildFile; fileRef = E91B8D7F20DED0F100649852 /* categoryCell.swift */; };
		E91C77F72162D47C00BCA601 /* CreditsCell.swift in Sources */ = {isa = PBXBuildFile; fileRef = E91C77F62162D47C00BCA601 /* CreditsCell.swift */; };
		E91C77F92163D2E600BCA601 /* ChangeAppIconViewController.swift in Sources */ = {isa = PBXBuildFile; fileRef = E91C77F82163D2E600BCA601 /* ChangeAppIconViewController.swift */; };
		E91C77FD2163D88F00BCA601 /* alt2.png in Resources */ = {isa = PBXBuildFile; fileRef = E91C77FB2163D88F00BCA601 /* alt2.png */; };
		E91C77FE2163D88F00BCA601 /* alt1.png in Resources */ = {isa = PBXBuildFile; fileRef = E91C77FC2163D88F00BCA601 /* alt1.png */; };
		E91C78002164DDB900BCA601 /* Constants.swift in Sources */ = {isa = PBXBuildFile; fileRef = E91C77FF2164DDB900BCA601 /* Constants.swift */; };
		E91C78022164E64D00BCA601 /* Person.swift in Sources */ = {isa = PBXBuildFile; fileRef = E91C78012164E64D00BCA601 /* Person.swift */; };
		E91C78042165044D00BCA601 /* IconCell.swift in Sources */ = {isa = PBXBuildFile; fileRef = E91C78032165044D00BCA601 /* IconCell.swift */; };
		E91C780921650BF300BCA601 /* alt5.png in Resources */ = {isa = PBXBuildFile; fileRef = E91C780521650BF300BCA601 /* alt5.png */; };
		E91C780A21650BF300BCA601 /* alt4.png in Resources */ = {isa = PBXBuildFile; fileRef = E91C780621650BF300BCA601 /* alt4.png */; };
		E91C780B21650BF300BCA601 /* alt6.png in Resources */ = {isa = PBXBuildFile; fileRef = E91C780721650BF300BCA601 /* alt6.png */; };
		E91C780C21650BF300BCA601 /* alt3.png in Resources */ = {isa = PBXBuildFile; fileRef = E91C780821650BF300BCA601 /* alt3.png */; };
		E92411D42037B828006616CF /* LaunchScreen.storyboard in Resources */ = {isa = PBXBuildFile; fileRef = E92411D32037B828006616CF /* LaunchScreen.storyboard */; };
		E925843920E8F6E000A2E7B2 /* AddGoalViewController.swift in Sources */ = {isa = PBXBuildFile; fileRef = E925843820E8F6E000A2E7B2 /* AddGoalViewController.swift */; };
		E925843B20E900EC00A2E7B2 /* AddGoalCategoryCell.swift in Sources */ = {isa = PBXBuildFile; fileRef = E925843A20E900EC00A2E7B2 /* AddGoalCategoryCell.swift */; };
		E925843D20E936F300A2E7B2 /* AddGoalMotivationViewController.swift in Sources */ = {isa = PBXBuildFile; fileRef = E925843C20E936F300A2E7B2 /* AddGoalMotivationViewController.swift */; };
		E92AF6E320F61D840025D1ED /* AddGoalMotivationalTextViewController.swift in Sources */ = {isa = PBXBuildFile; fileRef = E92AF6E220F61D840025D1ED /* AddGoalMotivationalTextViewController.swift */; };
		E9375076215287A500D8D638 /* HallOfGoalsTableViewController.swift in Sources */ = {isa = PBXBuildFile; fileRef = E9375075215287A500D8D638 /* HallOfGoalsTableViewController.swift */; };
		E938163021020F69009C3398 /* Theme.swift in Sources */ = {isa = PBXBuildFile; fileRef = E938162F21020F69009C3398 /* Theme.swift */; };
		E93816322102109E009C3398 /* Colors.xcassets in Resources */ = {isa = PBXBuildFile; fileRef = E93816312102109E009C3398 /* Colors.xcassets */; };
		E9412E78215A75E1005E7ABB /* AboutGoldenGoalsTableViewController.swift in Sources */ = {isa = PBXBuildFile; fileRef = E9412E77215A75E1005E7ABB /* AboutGoldenGoalsTableViewController.swift */; };
		E9412E7A215AA34E005E7ABB /* Settings.xcassets in Resources */ = {isa = PBXBuildFile; fileRef = E9412E79215AA34E005E7ABB /* Settings.xcassets */; };
		E9412E7C215AB1D1005E7ABB /* SpecialThanksTableViewController.swift in Sources */ = {isa = PBXBuildFile; fileRef = E9412E7B215AB1D1005E7ABB /* SpecialThanksTableViewController.swift */; };
		E9412E7E215BFF10005E7ABB /* CreditsCollectionViewController.swift in Sources */ = {isa = PBXBuildFile; fileRef = E9412E7D215BFF10005E7ABB /* CreditsCollectionViewController.swift */; };
		E94163BF211454CF00B5ECAC /* GoalDateAndOptionsViewController.swift in Sources */ = {isa = PBXBuildFile; fileRef = E94163BE211454CF00B5ECAC /* GoalDateAndOptionsViewController.swift */; };
		E95379222037B59B00864212 /* GoalView.swift in Sources */ = {isa = PBXBuildFile; fileRef = E95379212037B59B00864212 /* GoalView.swift */; };
		E958DFDF20D2AB7E006C6CF4 /* HallOfFameTableViewController.swift in Sources */ = {isa = PBXBuildFile; fileRef = E958DFDE20D2AB7E006C6CF4 /* HallOfFameTableViewController.swift */; };
		E96B192A20EE2C7700772966 /* Goal.swift in Sources */ = {isa = PBXBuildFile; fileRef = E96B192920EE2C7700772966 /* Goal.swift */; };
		E96B192C20EE2C8300772966 /* Category.swift in Sources */ = {isa = PBXBuildFile; fileRef = E96B192B20EE2C8300772966 /* Category.swift */; };
		E96B192E20EE2C9A00772966 /* ProgressNotes.swift in Sources */ = {isa = PBXBuildFile; fileRef = E96B192D20EE2C9A00772966 /* ProgressNotes.swift */; };
		E977BCEF210758D2000009C9 /* TabBarStoryboard.storyboard in Resources */ = {isa = PBXBuildFile; fileRef = E977BCEE210758D2000009C9 /* TabBarStoryboard.storyboard */; };
		E977BCF121075967000009C9 /* Settings.storyboard in Resources */ = {isa = PBXBuildFile; fileRef = E977BCF021075967000009C9 /* Settings.storyboard */; };
		E977BCF721075A4E000009C9 /* GoalView.storyboard in Resources */ = {isa = PBXBuildFile; fileRef = E977BCF621075A4E000009C9 /* GoalView.storyboard */; };
		E977BCF921075AF3000009C9 /* GoalList.storyboard in Resources */ = {isa = PBXBuildFile; fileRef = E977BCF821075AF3000009C9 /* GoalList.storyboard */; };
		E99F07CD2036458E00FA85D8 /* AppDelegate.swift in Sources */ = {isa = PBXBuildFile; fileRef = E99F07CC2036458E00FA85D8 /* AppDelegate.swift */; };
		E99F07D72036458E00FA85D8 /* Assets.xcassets in Resources */ = {isa = PBXBuildFile; fileRef = E99F07D62036458E00FA85D8 /* Assets.xcassets */; };
		E99F07E52036458E00FA85D8 /* GoldenGoalsTests.swift in Sources */ = {isa = PBXBuildFile; fileRef = E99F07E42036458E00FA85D8 /* GoldenGoalsTests.swift */; };
		E99F07F02036458E00FA85D8 /* GoldenGoalsUITests.swift in Sources */ = {isa = PBXBuildFile; fileRef = E99F07EF2036458E00FA85D8 /* GoldenGoalsUITests.swift */; };
		E9BCB210204DCC6400E9CF8D /* GoalListController.swift in Sources */ = {isa = PBXBuildFile; fileRef = E9BCB20F204DCC6400E9CF8D /* GoalListController.swift */; };
		E9C99EED20D133DB007D3E8B /* CoreDataService.swift in Sources */ = {isa = PBXBuildFile; fileRef = E9C99EEC20D133DB007D3E8B /* CoreDataService.swift */; };
		E9DE665B211505B8009F175C /* HallOf.storyboard in Resources */ = {isa = PBXBuildFile; fileRef = E9DE665A211505B8009F175C /* HallOf.storyboard */; };
		E9DE666F211A1A2A009F175C /* GoalDateViewController.swift in Sources */ = {isa = PBXBuildFile; fileRef = E9DE666E211A1A2A009F175C /* GoalDateViewController.swift */; };
		E9DE6671212213D9009F175C /* Date+Extentsion.swift in Sources */ = {isa = PBXBuildFile; fileRef = E9DE6670212213D9009F175C /* Date+Extentsion.swift */; };
		E9DE66742124994C009F175C /* GoalOptionsViewController.swift in Sources */ = {isa = PBXBuildFile; fileRef = E9DE66732124994C009F175C /* GoalOptionsViewController.swift */; };
		E9DE667621249D92009F175C /* GoalViewAssets.xcassets in Resources */ = {isa = PBXBuildFile; fileRef = E9DE667521249D92009F175C /* GoalViewAssets.xcassets */; };
		E9E90BF02039B45A0087C123 /* goldenGoalTabBarController.swift in Sources */ = {isa = PBXBuildFile; fileRef = E9E90BEF2039B45A0087C123 /* goldenGoalTabBarController.swift */; };
		E9E90BF52039C23A0087C123 /* goalCell.swift in Sources */ = {isa = PBXBuildFile; fileRef = E9E90BF42039C23A0087C123 /* goalCell.swift */; };
		E9EAEA88214C3AF7004FE578 /* ComposeProgressViewController.swift in Sources */ = {isa = PBXBuildFile; fileRef = E9EAEA87214C3AF7004FE578 /* ComposeProgressViewController.swift */; };
/* End PBXBuildFile section */

/* Begin PBXContainerItemProxy section */
		E99F07E12036458E00FA85D8 /* PBXContainerItemProxy */ = {
			isa = PBXContainerItemProxy;
			containerPortal = E99F07C12036458E00FA85D8 /* Project object */;
			proxyType = 1;
			remoteGlobalIDString = E99F07C82036458E00FA85D8;
			remoteInfo = GoldenGoals;
		};
		E99F07EC2036458E00FA85D8 /* PBXContainerItemProxy */ = {
			isa = PBXContainerItemProxy;
			containerPortal = E99F07C12036458E00FA85D8 /* Project object */;
			proxyType = 1;
			remoteGlobalIDString = E99F07C82036458E00FA85D8;
			remoteInfo = GoldenGoals;
		};
/* End PBXContainerItemProxy section */

/* Begin PBXFileReference section */
		E901612720D158F2005AA9BD /* GoldenGoal.xcdatamodel */ = {isa = PBXFileReference; lastKnownFileType = wrapper.xcdatamodel; path = GoldenGoal.xcdatamodel; sourceTree = "<group>"; };
		E91B8D7F20DED0F100649852 /* categoryCell.swift */ = {isa = PBXFileReference; fileEncoding = 4; lastKnownFileType = sourcecode.swift; path = categoryCell.swift; sourceTree = "<group>"; };
		E91C77F62162D47C00BCA601 /* CreditsCell.swift */ = {isa = PBXFileReference; lastKnownFileType = sourcecode.swift; path = CreditsCell.swift; sourceTree = "<group>"; };
		E91C77F82163D2E600BCA601 /* ChangeAppIconViewController.swift */ = {isa = PBXFileReference; lastKnownFileType = sourcecode.swift; path = ChangeAppIconViewController.swift; sourceTree = "<group>"; };
		E91C77FB2163D88F00BCA601 /* alt2.png */ = {isa = PBXFileReference; lastKnownFileType = image.png; path = alt2.png; sourceTree = "<group>"; };
		E91C77FC2163D88F00BCA601 /* alt1.png */ = {isa = PBXFileReference; lastKnownFileType = image.png; path = alt1.png; sourceTree = "<group>"; };
		E91C77FF2164DDB900BCA601 /* Constants.swift */ = {isa = PBXFileReference; lastKnownFileType = sourcecode.swift; path = Constants.swift; sourceTree = "<group>"; };
		E91C78012164E64D00BCA601 /* Person.swift */ = {isa = PBXFileReference; lastKnownFileType = sourcecode.swift; path = Person.swift; sourceTree = "<group>"; };
		E91C78032165044D00BCA601 /* IconCell.swift */ = {isa = PBXFileReference; lastKnownFileType = sourcecode.swift; path = IconCell.swift; sourceTree = "<group>"; };
		E91C780521650BF300BCA601 /* alt5.png */ = {isa = PBXFileReference; lastKnownFileType = image.png; path = alt5.png; sourceTree = "<group>"; };
		E91C780621650BF300BCA601 /* alt4.png */ = {isa = PBXFileReference; lastKnownFileType = image.png; path = alt4.png; sourceTree = "<group>"; };
		E91C780721650BF300BCA601 /* alt6.png */ = {isa = PBXFileReference; lastKnownFileType = image.png; path = alt6.png; sourceTree = "<group>"; };
		E91C780821650BF300BCA601 /* alt3.png */ = {isa = PBXFileReference; lastKnownFileType = image.png; path = alt3.png; sourceTree = "<group>"; };
		E92411D32037B828006616CF /* LaunchScreen.storyboard */ = {isa = PBXFileReference; lastKnownFileType = file.storyboard; path = LaunchScreen.storyboard; sourceTree = "<group>"; };
		E925843820E8F6E000A2E7B2 /* AddGoalViewController.swift */ = {isa = PBXFileReference; lastKnownFileType = sourcecode.swift; path = AddGoalViewController.swift; sourceTree = "<group>"; };
		E925843A20E900EC00A2E7B2 /* AddGoalCategoryCell.swift */ = {isa = PBXFileReference; lastKnownFileType = sourcecode.swift; path = AddGoalCategoryCell.swift; sourceTree = "<group>"; };
		E925843C20E936F300A2E7B2 /* AddGoalMotivationViewController.swift */ = {isa = PBXFileReference; lastKnownFileType = sourcecode.swift; name = AddGoalMotivationViewController.swift; path = "GoldenGoals/Goal List/Adding Goal/AddGoalMotivationViewController.swift"; sourceTree = SOURCE_ROOT; };
		E92AF6E220F61D840025D1ED /* AddGoalMotivationalTextViewController.swift */ = {isa = PBXFileReference; lastKnownFileType = sourcecode.swift; path = AddGoalMotivationalTextViewController.swift; sourceTree = "<group>"; };
		E9375075215287A500D8D638 /* HallOfGoalsTableViewController.swift */ = {isa = PBXFileReference; lastKnownFileType = sourcecode.swift; path = HallOfGoalsTableViewController.swift; sourceTree = "<group>"; };
		E938162F21020F69009C3398 /* Theme.swift */ = {isa = PBXFileReference; lastKnownFileType = sourcecode.swift; path = Theme.swift; sourceTree = "<group>"; };
		E93816312102109E009C3398 /* Colors.xcassets */ = {isa = PBXFileReference; lastKnownFileType = folder.assetcatalog; path = Colors.xcassets; sourceTree = "<group>"; };
		E9412E77215A75E1005E7ABB /* AboutGoldenGoalsTableViewController.swift */ = {isa = PBXFileReference; lastKnownFileType = sourcecode.swift; path = AboutGoldenGoalsTableViewController.swift; sourceTree = "<group>"; };
		E9412E79215AA34E005E7ABB /* Settings.xcassets */ = {isa = PBXFileReference; lastKnownFileType = folder.assetcatalog; path = Settings.xcassets; sourceTree = "<group>"; };
		E9412E7B215AB1D1005E7ABB /* SpecialThanksTableViewController.swift */ = {isa = PBXFileReference; lastKnownFileType = sourcecode.swift; path = SpecialThanksTableViewController.swift; sourceTree = "<group>"; };
		E9412E7D215BFF10005E7ABB /* CreditsCollectionViewController.swift */ = {isa = PBXFileReference; lastKnownFileType = sourcecode.swift; path = CreditsCollectionViewController.swift; sourceTree = "<group>"; };
		E94163BE211454CF00B5ECAC /* GoalDateAndOptionsViewController.swift */ = {isa = PBXFileReference; lastKnownFileType = sourcecode.swift; name = GoalDateAndOptionsViewController.swift; path = "GoldenGoals/Golden Goal/GoalDateAndOptionsViewController.swift"; sourceTree = SOURCE_ROOT; };
		E95379212037B59B00864212 /* GoalView.swift */ = {isa = PBXFileReference; lastKnownFileType = sourcecode.swift; path = GoalView.swift; sourceTree = "<group>"; };
		E958DFDE20D2AB7E006C6CF4 /* HallOfFameTableViewController.swift */ = {isa = PBXFileReference; lastKnownFileType = sourcecode.swift; path = HallOfFameTableViewController.swift; sourceTree = "<group>"; };
		E96B192920EE2C7700772966 /* Goal.swift */ = {isa = PBXFileReference; lastKnownFileType = sourcecode.swift; path = Goal.swift; sourceTree = "<group>"; };
		E96B192B20EE2C8300772966 /* Category.swift */ = {isa = PBXFileReference; lastKnownFileType = sourcecode.swift; path = Category.swift; sourceTree = "<group>"; };
		E96B192D20EE2C9A00772966 /* ProgressNotes.swift */ = {isa = PBXFileReference; lastKnownFileType = sourcecode.swift; path = ProgressNotes.swift; sourceTree = "<group>"; };
		E977BCEE210758D2000009C9 /* TabBarStoryboard.storyboard */ = {isa = PBXFileReference; lastKnownFileType = file.storyboard; path = TabBarStoryboard.storyboard; sourceTree = "<group>"; };
		E977BCF021075967000009C9 /* Settings.storyboard */ = {isa = PBXFileReference; fileEncoding = 4; lastKnownFileType = file.storyboard; path = Settings.storyboard; sourceTree = "<group>"; };
		E977BCF621075A4E000009C9 /* GoalView.storyboard */ = {isa = PBXFileReference; fileEncoding = 4; lastKnownFileType = file.storyboard; path = GoalView.storyboard; sourceTree = "<group>"; };
		E977BCF821075AF3000009C9 /* GoalList.storyboard */ = {isa = PBXFileReference; fileEncoding = 4; lastKnownFileType = file.storyboard; path = GoalList.storyboard; sourceTree = "<group>"; };
		E99F07C92036458E00FA85D8 /* GoldenGoals.app */ = {isa = PBXFileReference; explicitFileType = wrapper.application; includeInIndex = 0; path = GoldenGoals.app; sourceTree = BUILT_PRODUCTS_DIR; };
		E99F07CC2036458E00FA85D8 /* AppDelegate.swift */ = {isa = PBXFileReference; lastKnownFileType = sourcecode.swift; path = AppDelegate.swift; sourceTree = "<group>"; };
		E99F07D62036458E00FA85D8 /* Assets.xcassets */ = {isa = PBXFileReference; lastKnownFileType = folder.assetcatalog; path = Assets.xcassets; sourceTree = "<group>"; };
		E99F07DB2036458E00FA85D8 /* Info.plist */ = {isa = PBXFileReference; lastKnownFileType = text.plist.xml; path = Info.plist; sourceTree = "<group>"; };
		E99F07E02036458E00FA85D8 /* GoldenGoalsTests.xctest */ = {isa = PBXFileReference; explicitFileType = wrapper.cfbundle; includeInIndex = 0; path = GoldenGoalsTests.xctest; sourceTree = BUILT_PRODUCTS_DIR; };
		E99F07E42036458E00FA85D8 /* GoldenGoalsTests.swift */ = {isa = PBXFileReference; lastKnownFileType = sourcecode.swift; path = GoldenGoalsTests.swift; sourceTree = "<group>"; };
		E99F07E62036458E00FA85D8 /* Info.plist */ = {isa = PBXFileReference; lastKnownFileType = text.plist.xml; path = Info.plist; sourceTree = "<group>"; };
		E99F07EB2036458E00FA85D8 /* GoldenGoalsUITests.xctest */ = {isa = PBXFileReference; explicitFileType = wrapper.cfbundle; includeInIndex = 0; path = GoldenGoalsUITests.xctest; sourceTree = BUILT_PRODUCTS_DIR; };
		E99F07EF2036458E00FA85D8 /* GoldenGoalsUITests.swift */ = {isa = PBXFileReference; lastKnownFileType = sourcecode.swift; path = GoldenGoalsUITests.swift; sourceTree = "<group>"; };
		E99F07F12036458E00FA85D8 /* Info.plist */ = {isa = PBXFileReference; lastKnownFileType = text.plist.xml; path = Info.plist; sourceTree = "<group>"; };
		E9BCB20F204DCC6400E9CF8D /* GoalListController.swift */ = {isa = PBXFileReference; lastKnownFileType = sourcecode.swift; path = GoalListController.swift; sourceTree = "<group>"; };
		E9C99EEC20D133DB007D3E8B /* CoreDataService.swift */ = {isa = PBXFileReference; lastKnownFileType = sourcecode.swift; name = CoreDataService.swift; path = "GoldenGoals/Core Data Model/CoreDataService.swift"; sourceTree = SOURCE_ROOT; };
		E9DE665A211505B8009F175C /* HallOf.storyboard */ = {isa = PBXFileReference; fileEncoding = 4; lastKnownFileType = file.storyboard; path = HallOf.storyboard; sourceTree = "<group>"; };
		E9DE666E211A1A2A009F175C /* GoalDateViewController.swift */ = {isa = PBXFileReference; lastKnownFileType = sourcecode.swift; path = GoalDateViewController.swift; sourceTree = "<group>"; };
		E9DE6670212213D9009F175C /* Date+Extentsion.swift */ = {isa = PBXFileReference; lastKnownFileType = sourcecode.swift; name = "Date+Extentsion.swift"; path = "GoldenGoals/Goal List/Extensions/Date+Extentsion.swift"; sourceTree = SOURCE_ROOT; };
		E9DE66732124994C009F175C /* GoalOptionsViewController.swift */ = {isa = PBXFileReference; lastKnownFileType = sourcecode.swift; name = GoalOptionsViewController.swift; path = "GoldenGoals/Golden Goal/GoalOptionsViewController.swift"; sourceTree = SOURCE_ROOT; };
		E9DE667521249D92009F175C /* GoalViewAssets.xcassets */ = {isa = PBXFileReference; lastKnownFileType = folder.assetcatalog; path = GoalViewAssets.xcassets; sourceTree = "<group>"; };
		E9E90BEF2039B45A0087C123 /* goldenGoalTabBarController.swift */ = {isa = PBXFileReference; lastKnownFileType = sourcecode.swift; path = goldenGoalTabBarController.swift; sourceTree = "<group>"; };
		E9E90BF42039C23A0087C123 /* goalCell.swift */ = {isa = PBXFileReference; lastKnownFileType = sourcecode.swift; path = goalCell.swift; sourceTree = "<group>"; };
		E9EAEA87214C3AF7004FE578 /* ComposeProgressViewController.swift */ = {isa = PBXFileReference; lastKnownFileType = sourcecode.swift; path = ComposeProgressViewController.swift; sourceTree = "<group>"; };
/* End PBXFileReference section */

/* Begin PBXFrameworksBuildPhase section */
		E99F07C62036458E00FA85D8 /* Frameworks */ = {
			isa = PBXFrameworksBuildPhase;
			buildActionMask = 2147483647;
			files = (
			);
			runOnlyForDeploymentPostprocessing = 0;
		};
		E99F07DD2036458E00FA85D8 /* Frameworks */ = {
			isa = PBXFrameworksBuildPhase;
			buildActionMask = 2147483647;
			files = (
			);
			runOnlyForDeploymentPostprocessing = 0;
		};
		E99F07E82036458E00FA85D8 /* Frameworks */ = {
			isa = PBXFrameworksBuildPhase;
			buildActionMask = 2147483647;
			files = (
			);
			runOnlyForDeploymentPostprocessing = 0;
		};
/* End PBXFrameworksBuildPhase section */

/* Begin PBXGroup section */
		E91B8D8120E0405900649852 /* Storyboards */ = {
			isa = PBXGroup;
			children = (
				E977BCEE210758D2000009C9 /* TabBarStoryboard.storyboard */,
				E977BCF821075AF3000009C9 /* GoalList.storyboard */,
				E977BCF621075A4E000009C9 /* GoalView.storyboard */,
				E9DE665A211505B8009F175C /* HallOf.storyboard */,
				E977BCF021075967000009C9 /* Settings.storyboard */,
			);
			path = Storyboards;
			sourceTree = "<group>";
		};
		E91C77FA2163D86000BCA601 /* AppIcons */ = {
			isa = PBXGroup;
			children = (
				E91C780821650BF300BCA601 /* alt3.png */,
				E91C780621650BF300BCA601 /* alt4.png */,
				E91C780521650BF300BCA601 /* alt5.png */,
				E91C780721650BF300BCA601 /* alt6.png */,
				E91C77FC2163D88F00BCA601 /* alt1.png */,
				E91C77FB2163D88F00BCA601 /* alt2.png */,
			);
			path = AppIcons;
			sourceTree = "<group>";
		};
		E92411D52037B861006616CF /* Golden Goal */ = {
			isa = PBXGroup;
			children = (
				E94163BE211454CF00B5ECAC /* GoalDateAndOptionsViewController.swift */,
				E9DE666E211A1A2A009F175C /* GoalDateViewController.swift */,
				E9DE66732124994C009F175C /* GoalOptionsViewController.swift */,
				E95379212037B59B00864212 /* GoalView.swift */,
				E9EAEA87214C3AF7004FE578 /* ComposeProgressViewController.swift */,
			);
			path = "Golden Goal";
			sourceTree = "<group>";
		};
		E9412E76215A7597005E7ABB /* About */ = {
			isa = PBXGroup;
			children = (
				E9412E77215A75E1005E7ABB /* AboutGoldenGoalsTableViewController.swift */,
				E9412E7B215AB1D1005E7ABB /* SpecialThanksTableViewController.swift */,
				E9412E7D215BFF10005E7ABB /* CreditsCollectionViewController.swift */,
				E91C77F62162D47C00BCA601 /* CreditsCell.swift */,
				E91C77F82163D2E600BCA601 /* ChangeAppIconViewController.swift */,
				E91C78032165044D00BCA601 /* IconCell.swift */,
			);
			path = About;
			sourceTree = "<group>";
		};
		E953791A2037A98300864212 /* Core Data Model */ = {
			isa = PBXGroup;
			children = (
				E9C99EEC20D133DB007D3E8B /* CoreDataService.swift */,
				E901612620D158F2005AA9BD /* GoldenGoal.xcdatamodeld */,
				E96B192D20EE2C9A00772966 /* ProgressNotes.swift */,
				E96B192920EE2C7700772966 /* Goal.swift */,
				E96B192B20EE2C8300772966 /* Category.swift */,
			);
			path = "Core Data Model";
			sourceTree = "<group>";
		};
		E958DFDD20D2AB47006C6CF4 /* Hall of */ = {
			isa = PBXGroup;
			children = (
				E91B8D7F20DED0F100649852 /* categoryCell.swift */,
				E958DFDE20D2AB7E006C6CF4 /* HallOfFameTableViewController.swift */,
				E9375075215287A500D8D638 /* HallOfGoalsTableViewController.swift */,
			);
			path = "Hall of";
			sourceTree = "<group>";
		};
		E99F07C02036458E00FA85D8 = {
			isa = PBXGroup;
			children = (
				E99F07CB2036458E00FA85D8 /* GoldenGoals */,
				E99F07E32036458E00FA85D8 /* GoldenGoalsTests */,
				E99F07EE2036458E00FA85D8 /* GoldenGoalsUITests */,
				E99F07CA2036458E00FA85D8 /* Products */,
			);
			sourceTree = "<group>";
		};
		E99F07CA2036458E00FA85D8 /* Products */ = {
			isa = PBXGroup;
			children = (
				E99F07C92036458E00FA85D8 /* GoldenGoals.app */,
				E99F07E02036458E00FA85D8 /* GoldenGoalsTests.xctest */,
				E99F07EB2036458E00FA85D8 /* GoldenGoalsUITests.xctest */,
			);
			name = Products;
			sourceTree = "<group>";
		};
		E99F07CB2036458E00FA85D8 /* GoldenGoals */ = {
			isa = PBXGroup;
			children = (
				E91C77FA2163D86000BCA601 /* AppIcons */,
				E9DE6672212213FD009F175C /* Extensions */,
				E9E90BF32039B8760087C123 /* Goal List */,
				E92411D52037B861006616CF /* Golden Goal */,
				E958DFDD20D2AB47006C6CF4 /* Hall of */,
				E9412E76215A7597005E7ABB /* About */,
				E91B8D8120E0405900649852 /* Storyboards */,
				E9E90BEE2038F68E0087C123 /* Support */,
				E99F07DB2036458E00FA85D8 /* Info.plist */,
				E953791A2037A98300864212 /* Core Data Model */,
			);
			path = GoldenGoals;
			sourceTree = "<group>";
		};
		E99F07E32036458E00FA85D8 /* GoldenGoalsTests */ = {
			isa = PBXGroup;
			children = (
				E99F07E42036458E00FA85D8 /* GoldenGoalsTests.swift */,
				E99F07E62036458E00FA85D8 /* Info.plist */,
			);
			path = GoldenGoalsTests;
			sourceTree = "<group>";
		};
		E99F07EE2036458E00FA85D8 /* GoldenGoalsUITests */ = {
			isa = PBXGroup;
			children = (
				E99F07EF2036458E00FA85D8 /* GoldenGoalsUITests.swift */,
				E99F07F12036458E00FA85D8 /* Info.plist */,
			);
			path = GoldenGoalsUITests;
			sourceTree = "<group>";
		};
		E9C008A4207A48C1004CD929 /* Adding Goal */ = {
			isa = PBXGroup;
			children = (
				E925843820E8F6E000A2E7B2 /* AddGoalViewController.swift */,
				E925843C20E936F300A2E7B2 /* AddGoalMotivationViewController.swift */,
				E92AF6E220F61D840025D1ED /* AddGoalMotivationalTextViewController.swift */,
				E925843A20E900EC00A2E7B2 /* AddGoalCategoryCell.swift */,
			);
			path = "Adding Goal";
			sourceTree = "<group>";
		};
		E9DE6672212213FD009F175C /* Extensions */ = {
			isa = PBXGroup;
			children = (
				E9DE6670212213D9009F175C /* Date+Extentsion.swift */,
			);
			name = Extensions;
			path = "Goal List/Extensions";
			sourceTree = "<group>";
		};
		E9E90BEE2038F68E0087C123 /* Support */ = {
			isa = PBXGroup;
			children = (
				E938162F21020F69009C3398 /* Theme.swift */,
				E9E90BEF2039B45A0087C123 /* goldenGoalTabBarController.swift */,
				E99F07CC2036458E00FA85D8 /* AppDelegate.swift */,
				E92411D32037B828006616CF /* LaunchScreen.storyboard */,
				E99F07D62036458E00FA85D8 /* Assets.xcassets */,
				E9412E79215AA34E005E7ABB /* Settings.xcassets */,
				E9DE667521249D92009F175C /* GoalViewAssets.xcassets */,
				E93816312102109E009C3398 /* Colors.xcassets */,
				E91C77FF2164DDB900BCA601 /* Constants.swift */,
				E91C78012164E64D00BCA601 /* Person.swift */,
			);
			path = Support;
			sourceTree = "<group>";
		};
		E9E90BF32039B8760087C123 /* Goal List */ = {
			isa = PBXGroup;
			children = (
				E9C008A4207A48C1004CD929 /* Adding Goal */,
				E9BCB20F204DCC6400E9CF8D /* GoalListController.swift */,
				E9E90BF42039C23A0087C123 /* goalCell.swift */,
			);
			path = "Goal List";
			sourceTree = "<group>";
		};
/* End PBXGroup section */

/* Begin PBXNativeTarget section */
		E99F07C82036458E00FA85D8 /* GoldenGoals */ = {
			isa = PBXNativeTarget;
			buildConfigurationList = E99F07F42036458E00FA85D8 /* Build configuration list for PBXNativeTarget "GoldenGoals" */;
			buildPhases = (
				E99F07C52036458E00FA85D8 /* Sources */,
				E99F07C62036458E00FA85D8 /* Frameworks */,
				E99F07C72036458E00FA85D8 /* Resources */,
			);
			buildRules = (
			);
			dependencies = (
			);
			name = GoldenGoals;
			productName = GoldenGoals;
			productReference = E99F07C92036458E00FA85D8 /* GoldenGoals.app */;
			productType = "com.apple.product-type.application";
		};
		E99F07DF2036458E00FA85D8 /* GoldenGoalsTests */ = {
			isa = PBXNativeTarget;
			buildConfigurationList = E99F07F72036458E00FA85D8 /* Build configuration list for PBXNativeTarget "GoldenGoalsTests" */;
			buildPhases = (
				E99F07DC2036458E00FA85D8 /* Sources */,
				E99F07DD2036458E00FA85D8 /* Frameworks */,
				E99F07DE2036458E00FA85D8 /* Resources */,
			);
			buildRules = (
			);
			dependencies = (
				E99F07E22036458E00FA85D8 /* PBXTargetDependency */,
			);
			name = GoldenGoalsTests;
			productName = GoldenGoalsTests;
			productReference = E99F07E02036458E00FA85D8 /* GoldenGoalsTests.xctest */;
			productType = "com.apple.product-type.bundle.unit-test";
		};
		E99F07EA2036458E00FA85D8 /* GoldenGoalsUITests */ = {
			isa = PBXNativeTarget;
			buildConfigurationList = E99F07FA2036458E00FA85D8 /* Build configuration list for PBXNativeTarget "GoldenGoalsUITests" */;
			buildPhases = (
				E99F07E72036458E00FA85D8 /* Sources */,
				E99F07E82036458E00FA85D8 /* Frameworks */,
				E99F07E92036458E00FA85D8 /* Resources */,
			);
			buildRules = (
			);
			dependencies = (
				E99F07ED2036458E00FA85D8 /* PBXTargetDependency */,
			);
			name = GoldenGoalsUITests;
			productName = GoldenGoalsUITests;
			productReference = E99F07EB2036458E00FA85D8 /* GoldenGoalsUITests.xctest */;
			productType = "com.apple.product-type.bundle.ui-testing";
		};
/* End PBXNativeTarget section */

/* Begin PBXProject section */
		E99F07C12036458E00FA85D8 /* Project object */ = {
			isa = PBXProject;
			attributes = {
				LastSwiftUpdateCheck = 0920;
				LastUpgradeCheck = 0940;
				ORGANIZATIONNAME = Appbryggeriet;
				TargetAttributes = {
					E99F07C82036458E00FA85D8 = {
						CreatedOnToolsVersion = 9.2;
						LastSwiftMigration = 1000;
						ProvisioningStyle = Automatic;
					};
					E99F07DF2036458E00FA85D8 = {
						CreatedOnToolsVersion = 9.2;
						LastSwiftMigration = 1000;
						ProvisioningStyle = Automatic;
						TestTargetID = E99F07C82036458E00FA85D8;
					};
					E99F07EA2036458E00FA85D8 = {
						CreatedOnToolsVersion = 9.2;
						LastSwiftMigration = 1000;
						ProvisioningStyle = Automatic;
						TestTargetID = E99F07C82036458E00FA85D8;
					};
				};
			};
			buildConfigurationList = E99F07C42036458E00FA85D8 /* Build configuration list for PBXProject "GoldenGoals" */;
			compatibilityVersion = "Xcode 8.0";
			developmentRegion = en;
			hasScannedForEncodings = 0;
			knownRegions = (
				en,
				Base,
			);
			mainGroup = E99F07C02036458E00FA85D8;
			productRefGroup = E99F07CA2036458E00FA85D8 /* Products */;
			projectDirPath = "";
			projectRoot = "";
			targets = (
				E99F07C82036458E00FA85D8 /* GoldenGoals */,
				E99F07DF2036458E00FA85D8 /* GoldenGoalsTests */,
				E99F07EA2036458E00FA85D8 /* GoldenGoalsUITests */,
			);
		};
/* End PBXProject section */

/* Begin PBXResourcesBuildPhase section */
		E99F07C72036458E00FA85D8 /* Resources */ = {
			isa = PBXResourcesBuildPhase;
			buildActionMask = 2147483647;
			files = (
				E92411D42037B828006616CF /* LaunchScreen.storyboard in Resources */,
				E91C77FE2163D88F00BCA601 /* alt1.png in Resources */,
				E977BCF921075AF3000009C9 /* GoalList.storyboard in Resources */,
				E91C77FD2163D88F00BCA601 /* alt2.png in Resources */,
				E977BCF121075967000009C9 /* Settings.storyboard in Resources */,
				E977BCF721075A4E000009C9 /* GoalView.storyboard in Resources */,
				E9412E7A215AA34E005E7ABB /* Settings.xcassets in Resources */,
				E91C780921650BF300BCA601 /* alt5.png in Resources */,
				E9DE667621249D92009F175C /* GoalViewAssets.xcassets in Resources */,
				E99F07D72036458E00FA85D8 /* Assets.xcassets in Resources */,
				E91C780A21650BF300BCA601 /* alt4.png in Resources */,
				E91C780B21650BF300BCA601 /* alt6.png in Resources */,
				E93816322102109E009C3398 /* Colors.xcassets in Resources */,
				E9DE665B211505B8009F175C /* HallOf.storyboard in Resources */,
				E977BCEF210758D2000009C9 /* TabBarStoryboard.storyboard in Resources */,
				E91C780C21650BF300BCA601 /* alt3.png in Resources */,
			);
			runOnlyForDeploymentPostprocessing = 0;
		};
		E99F07DE2036458E00FA85D8 /* Resources */ = {
			isa = PBXResourcesBuildPhase;
			buildActionMask = 2147483647;
			files = (
			);
			runOnlyForDeploymentPostprocessing = 0;
		};
		E99F07E92036458E00FA85D8 /* Resources */ = {
			isa = PBXResourcesBuildPhase;
			buildActionMask = 2147483647;
			files = (
			);
			runOnlyForDeploymentPostprocessing = 0;
		};
/* End PBXResourcesBuildPhase section */

/* Begin PBXSourcesBuildPhase section */
		E99F07C52036458E00FA85D8 /* Sources */ = {
			isa = PBXSourcesBuildPhase;
			buildActionMask = 2147483647;
			files = (
				E91C78022164E64D00BCA601 /* Person.swift in Sources */,
				E925843D20E936F300A2E7B2 /* AddGoalMotivationViewController.swift in Sources */,
				E925843920E8F6E000A2E7B2 /* AddGoalViewController.swift in Sources */,
				E91C77F72162D47C00BCA601 /* CreditsCell.swift in Sources */,
				E9DE6671212213D9009F175C /* Date+Extentsion.swift in Sources */,
				E901612820D158F2005AA9BD /* GoldenGoal.xcdatamodeld in Sources */,
				E91C78002164DDB900BCA601 /* Constants.swift in Sources */,
				E9BCB210204DCC6400E9CF8D /* GoalListController.swift in Sources */,
				E958DFDF20D2AB7E006C6CF4 /* HallOfFameTableViewController.swift in Sources */,
				E9EAEA88214C3AF7004FE578 /* ComposeProgressViewController.swift in Sources */,
				E925843B20E900EC00A2E7B2 /* AddGoalCategoryCell.swift in Sources */,
				E9C99EED20D133DB007D3E8B /* CoreDataService.swift in Sources */,
				E9E90BF02039B45A0087C123 /* goldenGoalTabBarController.swift in Sources */,
				E91C77F92163D2E600BCA601 /* ChangeAppIconViewController.swift in Sources */,
				E91C78042165044D00BCA601 /* IconCell.swift in Sources */,
				E96B192A20EE2C7700772966 /* Goal.swift in Sources */,
				E91B8D8020DED0F100649852 /* categoryCell.swift in Sources */,
				E9E90BF52039C23A0087C123 /* goalCell.swift in Sources */,
				E96B192E20EE2C9A00772966 /* ProgressNotes.swift in Sources */,
				E95379222037B59B00864212 /* GoalView.swift in Sources */,
				E9412E7E215BFF10005E7ABB /* CreditsCollectionViewController.swift in Sources */,
				E9DE666F211A1A2A009F175C /* GoalDateViewController.swift in Sources */,
				E92AF6E320F61D840025D1ED /* AddGoalMotivationalTextViewController.swift in Sources */,
				E9375076215287A500D8D638 /* HallOfGoalsTableViewController.swift in Sources */,
				E9412E7C215AB1D1005E7ABB /* SpecialThanksTableViewController.swift in Sources */,
				E99F07CD2036458E00FA85D8 /* AppDelegate.swift in Sources */,
				E96B192C20EE2C8300772966 /* Category.swift in Sources */,
				E94163BF211454CF00B5ECAC /* GoalDateAndOptionsViewController.swift in Sources */,
				E9412E78215A75E1005E7ABB /* AboutGoldenGoalsTableViewController.swift in Sources */,
				E9DE66742124994C009F175C /* GoalOptionsViewController.swift in Sources */,
				E938163021020F69009C3398 /* Theme.swift in Sources */,
			);
			runOnlyForDeploymentPostprocessing = 0;
		};
		E99F07DC2036458E00FA85D8 /* Sources */ = {
			isa = PBXSourcesBuildPhase;
			buildActionMask = 2147483647;
			files = (
				E99F07E52036458E00FA85D8 /* GoldenGoalsTests.swift in Sources */,
			);
			runOnlyForDeploymentPostprocessing = 0;
		};
		E99F07E72036458E00FA85D8 /* Sources */ = {
			isa = PBXSourcesBuildPhase;
			buildActionMask = 2147483647;
			files = (
				E99F07F02036458E00FA85D8 /* GoldenGoalsUITests.swift in Sources */,
			);
			runOnlyForDeploymentPostprocessing = 0;
		};
/* End PBXSourcesBuildPhase section */

/* Begin PBXTargetDependency section */
		E99F07E22036458E00FA85D8 /* PBXTargetDependency */ = {
			isa = PBXTargetDependency;
			target = E99F07C82036458E00FA85D8 /* GoldenGoals */;
			targetProxy = E99F07E12036458E00FA85D8 /* PBXContainerItemProxy */;
		};
		E99F07ED2036458E00FA85D8 /* PBXTargetDependency */ = {
			isa = PBXTargetDependency;
			target = E99F07C82036458E00FA85D8 /* GoldenGoals */;
			targetProxy = E99F07EC2036458E00FA85D8 /* PBXContainerItemProxy */;
		};
/* End PBXTargetDependency section */

/* Begin XCBuildConfiguration section */
		E99F07F22036458E00FA85D8 /* Debug */ = {
			isa = XCBuildConfiguration;
			buildSettings = {
				ALWAYS_SEARCH_USER_PATHS = NO;
				CLANG_ANALYZER_NONNULL = YES;
				CLANG_ANALYZER_NUMBER_OBJECT_CONVERSION = YES_AGGRESSIVE;
				CLANG_CXX_LANGUAGE_STANDARD = "gnu++14";
				CLANG_CXX_LIBRARY = "libc++";
				CLANG_ENABLE_MODULES = YES;
				CLANG_ENABLE_OBJC_ARC = YES;
				CLANG_WARN_BLOCK_CAPTURE_AUTORELEASING = YES;
				CLANG_WARN_BOOL_CONVERSION = YES;
				CLANG_WARN_COMMA = YES;
				CLANG_WARN_CONSTANT_CONVERSION = YES;
				CLANG_WARN_DEPRECATED_OBJC_IMPLEMENTATIONS = YES;
				CLANG_WARN_DIRECT_OBJC_ISA_USAGE = YES_ERROR;
				CLANG_WARN_DOCUMENTATION_COMMENTS = YES;
				CLANG_WARN_EMPTY_BODY = YES;
				CLANG_WARN_ENUM_CONVERSION = YES;
				CLANG_WARN_INFINITE_RECURSION = YES;
				CLANG_WARN_INT_CONVERSION = YES;
				CLANG_WARN_NON_LITERAL_NULL_CONVERSION = YES;
				CLANG_WARN_OBJC_IMPLICIT_RETAIN_SELF = YES;
				CLANG_WARN_OBJC_LITERAL_CONVERSION = YES;
				CLANG_WARN_OBJC_ROOT_CLASS = YES_ERROR;
				CLANG_WARN_RANGE_LOOP_ANALYSIS = YES;
				CLANG_WARN_STRICT_PROTOTYPES = YES;
				CLANG_WARN_SUSPICIOUS_MOVE = YES;
				CLANG_WARN_UNGUARDED_AVAILABILITY = YES_AGGRESSIVE;
				CLANG_WARN_UNREACHABLE_CODE = YES;
				CLANG_WARN__DUPLICATE_METHOD_MATCH = YES;
				CODE_SIGN_IDENTITY = "iPhone Developer";
				COPY_PHASE_STRIP = NO;
				DEBUG_INFORMATION_FORMAT = dwarf;
				ENABLE_STRICT_OBJC_MSGSEND = YES;
				ENABLE_TESTABILITY = YES;
				GCC_C_LANGUAGE_STANDARD = gnu11;
				GCC_DYNAMIC_NO_PIC = NO;
				GCC_NO_COMMON_BLOCKS = YES;
				GCC_OPTIMIZATION_LEVEL = 0;
				GCC_PREPROCESSOR_DEFINITIONS = (
					"DEBUG=1",
					"$(inherited)",
				);
				GCC_WARN_64_TO_32_BIT_CONVERSION = YES;
				GCC_WARN_ABOUT_RETURN_TYPE = YES_ERROR;
				GCC_WARN_UNDECLARED_SELECTOR = YES;
				GCC_WARN_UNINITIALIZED_AUTOS = YES_AGGRESSIVE;
				GCC_WARN_UNUSED_FUNCTION = YES;
				GCC_WARN_UNUSED_VARIABLE = YES;
				IPHONEOS_DEPLOYMENT_TARGET = 12.0;
				MTL_ENABLE_DEBUG_INFO = YES;
				ONLY_ACTIVE_ARCH = YES;
				SDKROOT = iphoneos;
				SWIFT_ACTIVE_COMPILATION_CONDITIONS = DEBUG;
				SWIFT_OPTIMIZATION_LEVEL = "-Onone";
			};
			name = Debug;
		};
		E99F07F32036458E00FA85D8 /* Release */ = {
			isa = XCBuildConfiguration;
			buildSettings = {
				ALWAYS_SEARCH_USER_PATHS = NO;
				CLANG_ANALYZER_NONNULL = YES;
				CLANG_ANALYZER_NUMBER_OBJECT_CONVERSION = YES_AGGRESSIVE;
				CLANG_CXX_LANGUAGE_STANDARD = "gnu++14";
				CLANG_CXX_LIBRARY = "libc++";
				CLANG_ENABLE_MODULES = YES;
				CLANG_ENABLE_OBJC_ARC = YES;
				CLANG_WARN_BLOCK_CAPTURE_AUTORELEASING = YES;
				CLANG_WARN_BOOL_CONVERSION = YES;
				CLANG_WARN_COMMA = YES;
				CLANG_WARN_CONSTANT_CONVERSION = YES;
				CLANG_WARN_DEPRECATED_OBJC_IMPLEMENTATIONS = YES;
				CLANG_WARN_DIRECT_OBJC_ISA_USAGE = YES_ERROR;
				CLANG_WARN_DOCUMENTATION_COMMENTS = YES;
				CLANG_WARN_EMPTY_BODY = YES;
				CLANG_WARN_ENUM_CONVERSION = YES;
				CLANG_WARN_INFINITE_RECURSION = YES;
				CLANG_WARN_INT_CONVERSION = YES;
				CLANG_WARN_NON_LITERAL_NULL_CONVERSION = YES;
				CLANG_WARN_OBJC_IMPLICIT_RETAIN_SELF = YES;
				CLANG_WARN_OBJC_LITERAL_CONVERSION = YES;
				CLANG_WARN_OBJC_ROOT_CLASS = YES_ERROR;
				CLANG_WARN_RANGE_LOOP_ANALYSIS = YES;
				CLANG_WARN_STRICT_PROTOTYPES = YES;
				CLANG_WARN_SUSPICIOUS_MOVE = YES;
				CLANG_WARN_UNGUARDED_AVAILABILITY = YES_AGGRESSIVE;
				CLANG_WARN_UNREACHABLE_CODE = YES;
				CLANG_WARN__DUPLICATE_METHOD_MATCH = YES;
				CODE_SIGN_IDENTITY = "iPhone Developer";
				COPY_PHASE_STRIP = NO;
				DEBUG_INFORMATION_FORMAT = "dwarf-with-dsym";
				ENABLE_NS_ASSERTIONS = NO;
				ENABLE_STRICT_OBJC_MSGSEND = YES;
				GCC_C_LANGUAGE_STANDARD = gnu11;
				GCC_NO_COMMON_BLOCKS = YES;
				GCC_WARN_64_TO_32_BIT_CONVERSION = YES;
				GCC_WARN_ABOUT_RETURN_TYPE = YES_ERROR;
				GCC_WARN_UNDECLARED_SELECTOR = YES;
				GCC_WARN_UNINITIALIZED_AUTOS = YES_AGGRESSIVE;
				GCC_WARN_UNUSED_FUNCTION = YES;
				GCC_WARN_UNUSED_VARIABLE = YES;
				IPHONEOS_DEPLOYMENT_TARGET = 12.0;
				MTL_ENABLE_DEBUG_INFO = NO;
				SDKROOT = iphoneos;
				SWIFT_OPTIMIZATION_LEVEL = "-Owholemodule";
				VALIDATE_PRODUCT = YES;
			};
			name = Release;
		};
		E99F07F52036458E00FA85D8 /* Debug */ = {
			isa = XCBuildConfiguration;
			buildSettings = {
				ASSETCATALOG_COMPILER_APPICON_NAME = AppIcon;
				CODE_SIGN_STYLE = Automatic;
				DEVELOPMENT_TEAM = 4Z57UTV2LU;
				INFOPLIST_FILE = GoldenGoals/Info.plist;
				IPHONEOS_DEPLOYMENT_TARGET = 11.3;
				LD_RUNPATH_SEARCH_PATHS = "$(inherited) @executable_path/Frameworks";
				PRODUCT_BUNDLE_IDENTIFIER = no.Appbryggeriet.GoldenGoals;
				PRODUCT_NAME = "$(TARGET_NAME)";
				SWIFT_VERSION = 4.2;
				TARGETED_DEVICE_FAMILY = "1,2";
			};
			name = Debug;
		};
		E99F07F62036458E00FA85D8 /* Release */ = {
			isa = XCBuildConfiguration;
			buildSettings = {
				ASSETCATALOG_COMPILER_APPICON_NAME = AppIcon;
				CODE_SIGN_STYLE = Automatic;
				DEVELOPMENT_TEAM = 4Z57UTV2LU;
				INFOPLIST_FILE = GoldenGoals/Info.plist;
				IPHONEOS_DEPLOYMENT_TARGET = 11.3;
				LD_RUNPATH_SEARCH_PATHS = "$(inherited) @executable_path/Frameworks";
				PRODUCT_BUNDLE_IDENTIFIER = no.Appbryggeriet.GoldenGoals;
				PRODUCT_NAME = "$(TARGET_NAME)";
				SWIFT_VERSION = 4.2;
				TARGETED_DEVICE_FAMILY = "1,2";
			};
			name = Release;
		};
		E99F07F82036458E00FA85D8 /* Debug */ = {
			isa = XCBuildConfiguration;
			buildSettings = {
				ALWAYS_EMBED_SWIFT_STANDARD_LIBRARIES = YES;
				BUNDLE_LOADER = "$(TEST_HOST)";
				CODE_SIGN_STYLE = Automatic;
				DEVELOPMENT_TEAM = 4Z57UTV2LU;
				INFOPLIST_FILE = GoldenGoalsTests/Info.plist;
				LD_RUNPATH_SEARCH_PATHS = "$(inherited) @executable_path/Frameworks @loader_path/Frameworks";
				PRODUCT_BUNDLE_IDENTIFIER = no.Appbryggeriet.GoldenGoalsTests;
				PRODUCT_NAME = "$(TARGET_NAME)";
				SWIFT_VERSION = 4.2;
				TARGETED_DEVICE_FAMILY = "1,2";
				TEST_HOST = "$(BUILT_PRODUCTS_DIR)/GoldenGoals.app/GoldenGoals";
			};
			name = Debug;
		};
		E99F07F92036458E00FA85D8 /* Release */ = {
			isa = XCBuildConfiguration;
			buildSettings = {
				ALWAYS_EMBED_SWIFT_STANDARD_LIBRARIES = YES;
				BUNDLE_LOADER = "$(TEST_HOST)";
				CODE_SIGN_STYLE = Automatic;
				DEVELOPMENT_TEAM = 4Z57UTV2LU;
				INFOPLIST_FILE = GoldenGoalsTests/Info.plist;
				LD_RUNPATH_SEARCH_PATHS = "$(inherited) @executable_path/Frameworks @loader_path/Frameworks";
				PRODUCT_BUNDLE_IDENTIFIER = no.Appbryggeriet.GoldenGoalsTests;
				PRODUCT_NAME = "$(TARGET_NAME)";
				SWIFT_VERSION = 4.2;
				TARGETED_DEVICE_FAMILY = "1,2";
				TEST_HOST = "$(BUILT_PRODUCTS_DIR)/GoldenGoals.app/GoldenGoals";
			};
			name = Release;
		};
		E99F07FB2036458E00FA85D8 /* Debug */ = {
			isa = XCBuildConfiguration;
			buildSettings = {
				ALWAYS_EMBED_SWIFT_STANDARD_LIBRARIES = YES;
				CODE_SIGN_STYLE = Automatic;
				DEVELOPMENT_TEAM = 4Z57UTV2LU;
				INFOPLIST_FILE = GoldenGoalsUITests/Info.plist;
				LD_RUNPATH_SEARCH_PATHS = "$(inherited) @executable_path/Frameworks @loader_path/Frameworks";
				PRODUCT_BUNDLE_IDENTIFIER = no.Appbryggeriet.GoldenGoalsUITests;
				PRODUCT_NAME = "$(TARGET_NAME)";
				SWIFT_VERSION = 4.2;
				TARGETED_DEVICE_FAMILY = "1,2";
				TEST_TARGET_NAME = GoldenGoals;
			};
			name = Debug;
		};
		E99F07FC2036458E00FA85D8 /* Release */ = {
			isa = XCBuildConfiguration;
			buildSettings = {
				ALWAYS_EMBED_SWIFT_STANDARD_LIBRARIES = YES;
				CODE_SIGN_STYLE = Automatic;
				DEVELOPMENT_TEAM = 4Z57UTV2LU;
				INFOPLIST_FILE = GoldenGoalsUITests/Info.plist;
				LD_RUNPATH_SEARCH_PATHS = "$(inherited) @executable_path/Frameworks @loader_path/Frameworks";
				PRODUCT_BUNDLE_IDENTIFIER = no.Appbryggeriet.GoldenGoalsUITests;
				PRODUCT_NAME = "$(TARGET_NAME)";
				SWIFT_VERSION = 4.2;
				TARGETED_DEVICE_FAMILY = "1,2";
				TEST_TARGET_NAME = GoldenGoals;
			};
			name = Release;
		};
/* End XCBuildConfiguration section */

/* Begin XCConfigurationList section */
		E99F07C42036458E00FA85D8 /* Build configuration list for PBXProject "GoldenGoals" */ = {
			isa = XCConfigurationList;
			buildConfigurations = (
				E99F07F22036458E00FA85D8 /* Debug */,
				E99F07F32036458E00FA85D8 /* Release */,
			);
			defaultConfigurationIsVisible = 0;
			defaultConfigurationName = Release;
		};
		E99F07F42036458E00FA85D8 /* Build configuration list for PBXNativeTarget "GoldenGoals" */ = {
			isa = XCConfigurationList;
			buildConfigurations = (
				E99F07F52036458E00FA85D8 /* Debug */,
				E99F07F62036458E00FA85D8 /* Release */,
			);
			defaultConfigurationIsVisible = 0;
			defaultConfigurationName = Release;
		};
		E99F07F72036458E00FA85D8 /* Build configuration list for PBXNativeTarget "GoldenGoalsTests" */ = {
			isa = XCConfigurationList;
			buildConfigurations = (
				E99F07F82036458E00FA85D8 /* Debug */,
				E99F07F92036458E00FA85D8 /* Release */,
			);
			defaultConfigurationIsVisible = 0;
			defaultConfigurationName = Release;
		};
		E99F07FA2036458E00FA85D8 /* Build configuration list for PBXNativeTarget "GoldenGoalsUITests" */ = {
			isa = XCConfigurationList;
			buildConfigurations = (
				E99F07FB2036458E00FA85D8 /* Debug */,
				E99F07FC2036458E00FA85D8 /* Release */,
			);
			defaultConfigurationIsVisible = 0;
			defaultConfigurationName = Release;
		};
/* End XCConfigurationList section */

/* Begin XCVersionGroup section */
		E901612620D158F2005AA9BD /* GoldenGoal.xcdatamodeld */ = {
			isa = XCVersionGroup;
			children = (
				E901612720D158F2005AA9BD /* GoldenGoal.xcdatamodel */,
			);
			currentVersion = E901612720D158F2005AA9BD /* GoldenGoal.xcdatamodel */;
			path = GoldenGoal.xcdatamodeld;
			sourceTree = "<group>";
			versionGroupType = wrapper.xcdatamodel;
		};
/* End XCVersionGroup section */
	};
	rootObject = E99F07C12036458E00FA85D8 /* Project object */;
}
